// !$*UTF8*$!
{
	archiveVersion = 1;
	classes = {
	};
	objectVersion = 51;
	objects = {

/* Begin PBXBuildFile section */
		355DB13AE2D07CCB35BEDC41 /* Pods_RubiApp.framework in Frameworks */ = {isa = PBXBuildFile; fileRef = F035A57545A5C31D5366CF01 /* Pods_RubiApp.framework */; };
		A5F5173BB71C521E3CC382E7 /* Pods_RubiAppTests.framework in Frameworks */ = {isa = PBXBuildFile; fileRef = 0F9F20821AA55A9605C967F8 /* Pods_RubiAppTests.framework */; };
		BC945B782307D88400809452 /* AppDelegate.swift in Sources */ = {isa = PBXBuildFile; fileRef = BC945B772307D88400809452 /* AppDelegate.swift */; };
		BC945B7F2307D88500809452 /* Assets.xcassets in Resources */ = {isa = PBXBuildFile; fileRef = BC945B7E2307D88500809452 /* Assets.xcassets */; };
		BC945B822307D88500809452 /* LaunchScreen.storyboard in Resources */ = {isa = PBXBuildFile; fileRef = BC945B802307D88500809452 /* LaunchScreen.storyboard */; };
		BC95CD9B2307EEE700550A9E /* MainViewController.swift in Sources */ = {isa = PBXBuildFile; fileRef = BC95CD9A2307EEE700550A9E /* MainViewController.swift */; };
		BC95CD9D2307F09100550A9E /* MainViewControllerReactor.swift in Sources */ = {isa = PBXBuildFile; fileRef = BC95CD9C2307F09100550A9E /* MainViewControllerReactor.swift */; };
		BC95CDB4230800F900550A9E /* NetworkTests.swift in Sources */ = {isa = PBXBuildFile; fileRef = BC95CDA32307FDEC00550A9E /* NetworkTests.swift */; };
		BCAB90DE2308FB3D0028CF6D /* NSAttributedString+GetHeight.swift in Sources */ = {isa = PBXBuildFile; fileRef = BCAB90DD2308FB3D0028CF6D /* NSAttributedString+GetHeight.swift */; };
		BCAB90E02308FC5A0028CF6D /* UIFont+DefaultFonts.swift in Sources */ = {isa = PBXBuildFile; fileRef = BCAB90DF2308FC5A0028CF6D /* UIFont+DefaultFonts.swift */; };
		BCAB90E2230906780028CF6D /* NSAttributedString+joined.swift in Sources */ = {isa = PBXBuildFile; fileRef = BCAB90E1230906780028CF6D /* NSAttributedString+joined.swift */; };
		BCAB90E6230918BF0028CF6D /* RubyViewController.swift in Sources */ = {isa = PBXBuildFile; fileRef = BCAB90E5230918BF0028CF6D /* RubyViewController.swift */; };
		BCAB90E82309193D0028CF6D /* RubyViewControllerReactor.swift in Sources */ = {isa = PBXBuildFile; fileRef = BCAB90E72309193D0028CF6D /* RubyViewControllerReactor.swift */; };
		BCAD1DB923080B4F00C264D5 /* Request.swift in Sources */ = {isa = PBXBuildFile; fileRef = BCAD1DB823080B4F00C264D5 /* Request.swift */; };
		BCAD1DBD2308132800C264D5 /* WordEntity.swift in Sources */ = {isa = PBXBuildFile; fileRef = BCAD1DBC2308132800C264D5 /* WordEntity.swift */; };
		BCAD1DBF23083A1B00C264D5 /* APIKey.swift in Sources */ = {isa = PBXBuildFile; fileRef = BCAD1DBE23083A1B00C264D5 /* APIKey.swift */; };
		BCAD1DC52308E0F600C264D5 /* RubyView.swift in Sources */ = {isa = PBXBuildFile; fileRef = BCAD1DC42308E0F600C264D5 /* RubyView.swift */; };
/* End PBXBuildFile section */

/* Begin PBXContainerItemProxy section */
		BC95CDAF230800F100550A9E /* PBXContainerItemProxy */ = {
			isa = PBXContainerItemProxy;
			containerPortal = BC945B6C2307D88400809452 /* Project object */;
			proxyType = 1;
			remoteGlobalIDString = BC945B732307D88400809452;
			remoteInfo = RubiApp;
		};
/* End PBXContainerItemProxy section */

/* Begin PBXFileReference section */
		0F9F20821AA55A9605C967F8 /* Pods_RubiAppTests.framework */ = {isa = PBXFileReference; explicitFileType = wrapper.framework; includeInIndex = 0; path = Pods_RubiAppTests.framework; sourceTree = BUILT_PRODUCTS_DIR; };
		298AB9BA18A1FF4712EF529D /* Pods-RubiAppTests.debug.xcconfig */ = {isa = PBXFileReference; includeInIndex = 1; lastKnownFileType = text.xcconfig; name = "Pods-RubiAppTests.debug.xcconfig"; path = "Target Support Files/Pods-RubiAppTests/Pods-RubiAppTests.debug.xcconfig"; sourceTree = "<group>"; };
		533FC52C3999107541A911C4 /* Pods-RubiAppTests.release.xcconfig */ = {isa = PBXFileReference; includeInIndex = 1; lastKnownFileType = text.xcconfig; name = "Pods-RubiAppTests.release.xcconfig"; path = "Target Support Files/Pods-RubiAppTests/Pods-RubiAppTests.release.xcconfig"; sourceTree = "<group>"; };
		BC945B742307D88400809452 /* RubiApp.app */ = {isa = PBXFileReference; explicitFileType = wrapper.application; includeInIndex = 0; path = RubiApp.app; sourceTree = BUILT_PRODUCTS_DIR; };
		BC945B772307D88400809452 /* AppDelegate.swift */ = {isa = PBXFileReference; lastKnownFileType = sourcecode.swift; path = AppDelegate.swift; sourceTree = "<group>"; };
		BC945B7E2307D88500809452 /* Assets.xcassets */ = {isa = PBXFileReference; lastKnownFileType = folder.assetcatalog; path = Assets.xcassets; sourceTree = "<group>"; };
		BC945B812307D88500809452 /* Base */ = {isa = PBXFileReference; lastKnownFileType = file.storyboard; name = Base; path = Base.lproj/LaunchScreen.storyboard; sourceTree = "<group>"; };
		BC945B832307D88500809452 /* Info.plist */ = {isa = PBXFileReference; lastKnownFileType = text.plist.xml; path = Info.plist; sourceTree = "<group>"; };
		BC95CD9A2307EEE700550A9E /* MainViewController.swift */ = {isa = PBXFileReference; lastKnownFileType = sourcecode.swift; path = MainViewController.swift; sourceTree = "<group>"; };
		BC95CD9C2307F09100550A9E /* MainViewControllerReactor.swift */ = {isa = PBXFileReference; lastKnownFileType = sourcecode.swift; path = MainViewControllerReactor.swift; sourceTree = "<group>"; };
		BC95CDA32307FDEC00550A9E /* NetworkTests.swift */ = {isa = PBXFileReference; lastKnownFileType = sourcecode.swift; path = NetworkTests.swift; sourceTree = "<group>"; };
		BC95CDAA230800F100550A9E /* RubiAppTests.xctest */ = {isa = PBXFileReference; explicitFileType = wrapper.cfbundle; includeInIndex = 0; path = RubiAppTests.xctest; sourceTree = BUILT_PRODUCTS_DIR; };
		BC95CDAE230800F100550A9E /* Info.plist */ = {isa = PBXFileReference; lastKnownFileType = text.plist.xml; path = Info.plist; sourceTree = "<group>"; };
		BCAB90DD2308FB3D0028CF6D /* NSAttributedString+GetHeight.swift */ = {isa = PBXFileReference; lastKnownFileType = sourcecode.swift; path = "NSAttributedString+GetHeight.swift"; sourceTree = "<group>"; };
		BCAB90DF2308FC5A0028CF6D /* UIFont+DefaultFonts.swift */ = {isa = PBXFileReference; lastKnownFileType = sourcecode.swift; path = "UIFont+DefaultFonts.swift"; sourceTree = "<group>"; };
		BCAB90E1230906780028CF6D /* NSAttributedString+joined.swift */ = {isa = PBXFileReference; lastKnownFileType = sourcecode.swift; path = "NSAttributedString+joined.swift"; sourceTree = "<group>"; };
		BCAB90E5230918BF0028CF6D /* RubyViewController.swift */ = {isa = PBXFileReference; lastKnownFileType = sourcecode.swift; path = RubyViewController.swift; sourceTree = "<group>"; };
		BCAB90E72309193D0028CF6D /* RubyViewControllerReactor.swift */ = {isa = PBXFileReference; lastKnownFileType = sourcecode.swift; path = RubyViewControllerReactor.swift; sourceTree = "<group>"; };
		BCAD1DB823080B4F00C264D5 /* Request.swift */ = {isa = PBXFileReference; lastKnownFileType = sourcecode.swift; path = Request.swift; sourceTree = "<group>"; };
		BCAD1DBC2308132800C264D5 /* WordEntity.swift */ = {isa = PBXFileReference; lastKnownFileType = sourcecode.swift; path = WordEntity.swift; sourceTree = "<group>"; };
		BCAD1DBE23083A1B00C264D5 /* APIKey.swift */ = {isa = PBXFileReference; lastKnownFileType = sourcecode.swift; path = APIKey.swift; sourceTree = "<group>"; };
		BCAD1DC42308E0F600C264D5 /* RubyView.swift */ = {isa = PBXFileReference; lastKnownFileType = sourcecode.swift; path = RubyView.swift; sourceTree = "<group>"; };
		C7AF2447810D9B21B8F8FCF0 /* Pods-RubiApp.release.xcconfig */ = {isa = PBXFileReference; includeInIndex = 1; lastKnownFileType = text.xcconfig; name = "Pods-RubiApp.release.xcconfig"; path = "Target Support Files/Pods-RubiApp/Pods-RubiApp.release.xcconfig"; sourceTree = "<group>"; };
		F035A57545A5C31D5366CF01 /* Pods_RubiApp.framework */ = {isa = PBXFileReference; explicitFileType = wrapper.framework; includeInIndex = 0; path = Pods_RubiApp.framework; sourceTree = BUILT_PRODUCTS_DIR; };
		FFF087A3108CF65D3297616F /* Pods-RubiApp.debug.xcconfig */ = {isa = PBXFileReference; includeInIndex = 1; lastKnownFileType = text.xcconfig; name = "Pods-RubiApp.debug.xcconfig"; path = "Target Support Files/Pods-RubiApp/Pods-RubiApp.debug.xcconfig"; sourceTree = "<group>"; };
/* End PBXFileReference section */

/* Begin PBXFrameworksBuildPhase section */
		BC945B712307D88400809452 /* Frameworks */ = {
			isa = PBXFrameworksBuildPhase;
			buildActionMask = 2147483647;
			files = (
				355DB13AE2D07CCB35BEDC41 /* Pods_RubiApp.framework in Frameworks */,
			);
			runOnlyForDeploymentPostprocessing = 0;
		};
		BC95CDA7230800F100550A9E /* Frameworks */ = {
			isa = PBXFrameworksBuildPhase;
			buildActionMask = 2147483647;
			files = (
				A5F5173BB71C521E3CC382E7 /* Pods_RubiAppTests.framework in Frameworks */,
			);
			runOnlyForDeploymentPostprocessing = 0;
		};
/* End PBXFrameworksBuildPhase section */

/* Begin PBXGroup section */
		825E8D55BE759A146AA3FD84 /* Pods */ = {
			isa = PBXGroup;
			children = (
				FFF087A3108CF65D3297616F /* Pods-RubiApp.debug.xcconfig */,
				C7AF2447810D9B21B8F8FCF0 /* Pods-RubiApp.release.xcconfig */,
				298AB9BA18A1FF4712EF529D /* Pods-RubiAppTests.debug.xcconfig */,
				533FC52C3999107541A911C4 /* Pods-RubiAppTests.release.xcconfig */,
			);
			path = Pods;
			sourceTree = "<group>";
		};
		96BA07B4CB0278A67571B2BE /* Frameworks */ = {
			isa = PBXGroup;
			children = (
				F035A57545A5C31D5366CF01 /* Pods_RubiApp.framework */,
				0F9F20821AA55A9605C967F8 /* Pods_RubiAppTests.framework */,
			);
			name = Frameworks;
			sourceTree = "<group>";
		};
		BC945B6B2307D88400809452 = {
			isa = PBXGroup;
			children = (
				BC945B762307D88400809452 /* RubiApp */,
				BC95CDAB230800F100550A9E /* RubiAppTests */,
				BC945B752307D88400809452 /* Products */,
				825E8D55BE759A146AA3FD84 /* Pods */,
				96BA07B4CB0278A67571B2BE /* Frameworks */,
			);
			sourceTree = "<group>";
		};
		BC945B752307D88400809452 /* Products */ = {
			isa = PBXGroup;
			children = (
				BC945B742307D88400809452 /* RubiApp.app */,
				BC95CDAA230800F100550A9E /* RubiAppTests.xctest */,
			);
			name = Products;
			sourceTree = "<group>";
		};
		BC945B762307D88400809452 /* RubiApp */ = {
			isa = PBXGroup;
			children = (
				BCAD1DBA2308130700C264D5 /* Domain */,
				BC95CDA02307F6F500550A9E /* Resources */,
				BC95CD9F2307F6D800550A9E /* Utilities */,
				BC945B8D2307DB8300809452 /* Networking */,
				BC945B8A2307DB4D00809452 /* UI */,
				BC945B772307D88400809452 /* AppDelegate.swift */,
				BC945B802307D88500809452 /* LaunchScreen.storyboard */,
				BC945B832307D88500809452 /* Info.plist */,
			);
			path = RubiApp;
			sourceTree = "<group>";
		};
		BC945B8A2307DB4D00809452 /* UI */ = {
			isa = PBXGroup;
			children = (
				BCAD1DC12308DFA900C264D5 /* CustomViews */,
				BC945B8B2307DB5100809452 /* Pages */,
			);
			path = UI;
			sourceTree = "<group>";
		};
		BC945B8B2307DB5100809452 /* Pages */ = {
			isa = PBXGroup;
			children = (
				BCAB90E42309188E0028CF6D /* RubyViewController */,
				BCAB90E3230918830028CF6D /* MainViewController */,
			);
			path = Pages;
			sourceTree = "<group>";
		};
		BC945B8D2307DB8300809452 /* Networking */ = {
			isa = PBXGroup;
			children = (
				BCAD1DB823080B4F00C264D5 /* Request.swift */,
				BCAD1DBE23083A1B00C264D5 /* APIKey.swift */,
			);
			path = Networking;
			sourceTree = "<group>";
		};
		BC95CD9F2307F6D800550A9E /* Utilities */ = {
			isa = PBXGroup;
			children = (
				BCAD1DC62308FB1100C264D5 /* Extension */,
			);
			path = Utilities;
			sourceTree = "<group>";
		};
		BC95CDA02307F6F500550A9E /* Resources */ = {
			isa = PBXGroup;
			children = (
				BC945B7E2307D88500809452 /* Assets.xcassets */,
			);
			path = Resources;
			sourceTree = "<group>";
		};
		BC95CDAB230800F100550A9E /* RubiAppTests */ = {
			isa = PBXGroup;
			children = (
				BC95CDA32307FDEC00550A9E /* NetworkTests.swift */,
				BC95CDAE230800F100550A9E /* Info.plist */,
			);
			path = RubiAppTests;
			sourceTree = "<group>";
		};
		BCAB90E3230918830028CF6D /* MainViewController */ = {
			isa = PBXGroup;
			children = (
				BC95CD9A2307EEE700550A9E /* MainViewController.swift */,
				BC95CD9C2307F09100550A9E /* MainViewControllerReactor.swift */,
			);
			path = MainViewController;
			sourceTree = "<group>";
		};
		BCAB90E42309188E0028CF6D /* RubyViewController */ = {
			isa = PBXGroup;
			children = (
				BCAB90E5230918BF0028CF6D /* RubyViewController.swift */,
				BCAB90E72309193D0028CF6D /* RubyViewControllerReactor.swift */,
			);
			path = RubyViewController;
			sourceTree = "<group>";
		};
		BCAD1DBA2308130700C264D5 /* Domain */ = {
			isa = PBXGroup;
			children = (
				BCAD1DBB2308130C00C264D5 /* Entity */,
			);
			path = Domain;
			sourceTree = "<group>";
		};
		BCAD1DBB2308130C00C264D5 /* Entity */ = {
			isa = PBXGroup;
			children = (
				BCAD1DBC2308132800C264D5 /* WordEntity.swift */,
			);
			path = Entity;
			sourceTree = "<group>";
		};
		BCAD1DC12308DFA900C264D5 /* CustomViews */ = {
			isa = PBXGroup;
			children = (
				BCAD1DC42308E0F600C264D5 /* RubyView.swift */,
			);
			path = CustomViews;
			sourceTree = "<group>";
		};
		BCAD1DC62308FB1100C264D5 /* Extension */ = {
			isa = PBXGroup;
			children = (
				BCAB90DD2308FB3D0028CF6D /* NSAttributedString+GetHeight.swift */,
				BCAB90DF2308FC5A0028CF6D /* UIFont+DefaultFonts.swift */,
				BCAB90E1230906780028CF6D /* NSAttributedString+joined.swift */,
			);
			path = Extension;
			sourceTree = "<group>";
		};
/* End PBXGroup section */

/* Begin PBXNativeTarget section */
		BC945B732307D88400809452 /* RubiApp */ = {
			isa = PBXNativeTarget;
			buildConfigurationList = BC945B862307D88500809452 /* Build configuration list for PBXNativeTarget "RubiApp" */;
			buildPhases = (
				491EEB0497381A283C4AD5AF /* [CP] Check Pods Manifest.lock */,
				BC945B702307D88400809452 /* Sources */,
				BC945B712307D88400809452 /* Frameworks */,
				BC945B722307D88400809452 /* Resources */,
				FEDF0DDF09E3E0C08FD3417A /* [CP] Embed Pods Frameworks */,
			);
			buildRules = (
			);
			dependencies = (
			);
			name = RubiApp;
			productName = RubiApp;
			productReference = BC945B742307D88400809452 /* RubiApp.app */;
			productType = "com.apple.product-type.application";
		};
		BC95CDA9230800F100550A9E /* RubiAppTests */ = {
			isa = PBXNativeTarget;
			buildConfigurationList = BC95CDB3230800F100550A9E /* Build configuration list for PBXNativeTarget "RubiAppTests" */;
			buildPhases = (
				2EB9A4D2A1B1285E6B92CCA3 /* [CP] Check Pods Manifest.lock */,
				BC95CDA6230800F100550A9E /* Sources */,
				BC95CDA7230800F100550A9E /* Frameworks */,
				BC95CDA8230800F100550A9E /* Resources */,
			);
			buildRules = (
			);
			dependencies = (
				BC95CDB0230800F100550A9E /* PBXTargetDependency */,
			);
			name = RubiAppTests;
			productName = RubiAppTests;
			productReference = BC95CDAA230800F100550A9E /* RubiAppTests.xctest */;
			productType = "com.apple.product-type.bundle.unit-test";
		};
/* End PBXNativeTarget section */

/* Begin PBXProject section */
		BC945B6C2307D88400809452 /* Project object */ = {
			isa = PBXProject;
			attributes = {
				LastSwiftUpdateCheck = 1030;
				LastUpgradeCheck = 1030;
				ORGANIZATIONNAME = "Shunta Nakajima";
				TargetAttributes = {
					BC945B732307D88400809452 = {
						CreatedOnToolsVersion = 10.3;
					};
					BC95CDA9230800F100550A9E = {
						CreatedOnToolsVersion = 10.3;
						TestTargetID = BC945B732307D88400809452;
					};
				};
			};
			buildConfigurationList = BC945B6F2307D88400809452 /* Build configuration list for PBXProject "RubiApp" */;
			compatibilityVersion = "Xcode 9.3";
			developmentRegion = en;
			hasScannedForEncodings = 0;
			knownRegions = (
				en,
				Base,
			);
			mainGroup = BC945B6B2307D88400809452;
			productRefGroup = BC945B752307D88400809452 /* Products */;
			projectDirPath = "";
			projectRoot = "";
			targets = (
				BC945B732307D88400809452 /* RubiApp */,
				BC95CDA9230800F100550A9E /* RubiAppTests */,
			);
		};
/* End PBXProject section */

/* Begin PBXResourcesBuildPhase section */
		BC945B722307D88400809452 /* Resources */ = {
			isa = PBXResourcesBuildPhase;
			buildActionMask = 2147483647;
			files = (
				BC945B822307D88500809452 /* LaunchScreen.storyboard in Resources */,
				BC945B7F2307D88500809452 /* Assets.xcassets in Resources */,
			);
			runOnlyForDeploymentPostprocessing = 0;
		};
		BC95CDA8230800F100550A9E /* Resources */ = {
			isa = PBXResourcesBuildPhase;
			buildActionMask = 2147483647;
			files = (
			);
			runOnlyForDeploymentPostprocessing = 0;
		};
/* End PBXResourcesBuildPhase section */

/* Begin PBXShellScriptBuildPhase section */
		2EB9A4D2A1B1285E6B92CCA3 /* [CP] Check Pods Manifest.lock */ = {
			isa = PBXShellScriptBuildPhase;
			buildActionMask = 2147483647;
			files = (
			);
			inputFileListPaths = (
			);
			inputPaths = (
				"${PODS_PODFILE_DIR_PATH}/Podfile.lock",
				"${PODS_ROOT}/Manifest.lock",
			);
			name = "[CP] Check Pods Manifest.lock";
			outputFileListPaths = (
			);
			outputPaths = (
				"$(DERIVED_FILE_DIR)/Pods-RubiAppTests-checkManifestLockResult.txt",
			);
			runOnlyForDeploymentPostprocessing = 0;
			shellPath = /bin/sh;
			shellScript = "diff \"${PODS_PODFILE_DIR_PATH}/Podfile.lock\" \"${PODS_ROOT}/Manifest.lock\" > /dev/null\nif [ $? != 0 ] ; then\n    # print error to STDERR\n    echo \"error: The sandbox is not in sync with the Podfile.lock. Run 'pod install' or update your CocoaPods installation.\" >&2\n    exit 1\nfi\n# This output is used by Xcode 'outputs' to avoid re-running this script phase.\necho \"SUCCESS\" > \"${SCRIPT_OUTPUT_FILE_0}\"\n";
			showEnvVarsInLog = 0;
		};
		491EEB0497381A283C4AD5AF /* [CP] Check Pods Manifest.lock */ = {
			isa = PBXShellScriptBuildPhase;
			buildActionMask = 2147483647;
			files = (
			);
			inputFileListPaths = (
			);
			inputPaths = (
				"${PODS_PODFILE_DIR_PATH}/Podfile.lock",
				"${PODS_ROOT}/Manifest.lock",
			);
			name = "[CP] Check Pods Manifest.lock";
			outputFileListPaths = (
			);
			outputPaths = (
				"$(DERIVED_FILE_DIR)/Pods-RubiApp-checkManifestLockResult.txt",
			);
			runOnlyForDeploymentPostprocessing = 0;
			shellPath = /bin/sh;
			shellScript = "diff \"${PODS_PODFILE_DIR_PATH}/Podfile.lock\" \"${PODS_ROOT}/Manifest.lock\" > /dev/null\nif [ $? != 0 ] ; then\n    # print error to STDERR\n    echo \"error: The sandbox is not in sync with the Podfile.lock. Run 'pod install' or update your CocoaPods installation.\" >&2\n    exit 1\nfi\n# This output is used by Xcode 'outputs' to avoid re-running this script phase.\necho \"SUCCESS\" > \"${SCRIPT_OUTPUT_FILE_0}\"\n";
			showEnvVarsInLog = 0;
		};
		FEDF0DDF09E3E0C08FD3417A /* [CP] Embed Pods Frameworks */ = {
			isa = PBXShellScriptBuildPhase;
			buildActionMask = 2147483647;
			files = (
			);
			inputFileListPaths = (
				"${PODS_ROOT}/Target Support Files/Pods-RubiApp/Pods-RubiApp-frameworks-${CONFIGURATION}-input-files.xcfilelist",
			);
			name = "[CP] Embed Pods Frameworks";
			outputFileListPaths = (
				"${PODS_ROOT}/Target Support Files/Pods-RubiApp/Pods-RubiApp-frameworks-${CONFIGURATION}-output-files.xcfilelist",
			);
			runOnlyForDeploymentPostprocessing = 0;
			shellPath = /bin/sh;
			shellScript = "\"${PODS_ROOT}/Target Support Files/Pods-RubiApp/Pods-RubiApp-frameworks.sh\"\n";
			showEnvVarsInLog = 0;
		};
/* End PBXShellScriptBuildPhase section */

/* Begin PBXSourcesBuildPhase section */
		BC945B702307D88400809452 /* Sources */ = {
			isa = PBXSourcesBuildPhase;
			buildActionMask = 2147483647;
			files = (
				BCAD1DBD2308132800C264D5 /* WordEntity.swift in Sources */,
				BC945B782307D88400809452 /* AppDelegate.swift in Sources */,
				BCAD1DB923080B4F00C264D5 /* Request.swift in Sources */,
				BCAB90E02308FC5A0028CF6D /* UIFont+DefaultFonts.swift in Sources */,
				BCAB90E2230906780028CF6D /* NSAttributedString+joined.swift in Sources */,
				BCAB90E6230918BF0028CF6D /* RubyViewController.swift in Sources */,
				BC95CD9B2307EEE700550A9E /* MainViewController.swift in Sources */,
				BCAB90E82309193D0028CF6D /* RubyViewControllerReactor.swift in Sources */,
				BCAD1DC52308E0F600C264D5 /* RubyView.swift in Sources */,
				BCAB90DE2308FB3D0028CF6D /* NSAttributedString+GetHeight.swift in Sources */,
				BCAD1DBF23083A1B00C264D5 /* APIKey.swift in Sources */,
				BC95CD9D2307F09100550A9E /* MainViewControllerReactor.swift in Sources */,
			);
			runOnlyForDeploymentPostprocessing = 0;
		};
		BC95CDA6230800F100550A9E /* Sources */ = {
			isa = PBXSourcesBuildPhase;
			buildActionMask = 2147483647;
			files = (
				BC95CDB4230800F900550A9E /* NetworkTests.swift in Sources */,
			);
			runOnlyForDeploymentPostprocessing = 0;
		};
/* End PBXSourcesBuildPhase section */

/* Begin PBXTargetDependency section */
		BC95CDB0230800F100550A9E /* PBXTargetDependency */ = {
			isa = PBXTargetDependency;
			target = BC945B732307D88400809452 /* RubiApp */;
			targetProxy = BC95CDAF230800F100550A9E /* PBXContainerItemProxy */;
		};
/* End PBXTargetDependency section */

/* Begin PBXVariantGroup section */
		BC945B802307D88500809452 /* LaunchScreen.storyboard */ = {
			isa = PBXVariantGroup;
			children = (
				BC945B812307D88500809452 /* Base */,
			);
			name = LaunchScreen.storyboard;
			sourceTree = "<group>";
		};
/* End PBXVariantGroup section */

/* Begin XCBuildConfiguration section */
		BC945B842307D88500809452 /* Debug */ = {
			isa = XCBuildConfiguration;
			buildSettings = {
				ALWAYS_SEARCH_USER_PATHS = NO;
				CLANG_ANALYZER_NONNULL = YES;
				CLANG_ANALYZER_NUMBER_OBJECT_CONVERSION = YES_AGGRESSIVE;
				CLANG_CXX_LANGUAGE_STANDARD = "gnu++14";
				CLANG_CXX_LIBRARY = "libc++";
				CLANG_ENABLE_MODULES = YES;
				CLANG_ENABLE_OBJC_ARC = YES;
				CLANG_ENABLE_OBJC_WEAK = YES;
				CLANG_WARN_BLOCK_CAPTURE_AUTORELEASING = YES;
				CLANG_WARN_BOOL_CONVERSION = YES;
				CLANG_WARN_COMMA = YES;
				CLANG_WARN_CONSTANT_CONVERSION = YES;
				CLANG_WARN_DEPRECATED_OBJC_IMPLEMENTATIONS = YES;
				CLANG_WARN_DIRECT_OBJC_ISA_USAGE = YES_ERROR;
				CLANG_WARN_DOCUMENTATION_COMMENTS = YES;
				CLANG_WARN_EMPTY_BODY = YES;
				CLANG_WARN_ENUM_CONVERSION = YES;
				CLANG_WARN_INFINITE_RECURSION = YES;
				CLANG_WARN_INT_CONVERSION = YES;
				CLANG_WARN_NON_LITERAL_NULL_CONVERSION = YES;
				CLANG_WARN_OBJC_IMPLICIT_RETAIN_SELF = YES;
				CLANG_WARN_OBJC_LITERAL_CONVERSION = YES;
				CLANG_WARN_OBJC_ROOT_CLASS = YES_ERROR;
				CLANG_WARN_RANGE_LOOP_ANALYSIS = YES;
				CLANG_WARN_STRICT_PROTOTYPES = YES;
				CLANG_WARN_SUSPICIOUS_MOVE = YES;
				CLANG_WARN_UNGUARDED_AVAILABILITY = YES_AGGRESSIVE;
				CLANG_WARN_UNREACHABLE_CODE = YES;
				CLANG_WARN__DUPLICATE_METHOD_MATCH = YES;
				CODE_SIGN_IDENTITY = "iPhone Developer";
				COPY_PHASE_STRIP = NO;
				DEBUG_INFORMATION_FORMAT = dwarf;
				DEFINES_MODULE = YES;
				ENABLE_STRICT_OBJC_MSGSEND = YES;
				ENABLE_TESTABILITY = YES;
				GCC_C_LANGUAGE_STANDARD = gnu11;
				GCC_DYNAMIC_NO_PIC = NO;
				GCC_NO_COMMON_BLOCKS = YES;
				GCC_OPTIMIZATION_LEVEL = 0;
				GCC_PREPROCESSOR_DEFINITIONS = (
					"DEBUG=1",
					"$(inherited)",
				);
				GCC_WARN_64_TO_32_BIT_CONVERSION = YES;
				GCC_WARN_ABOUT_RETURN_TYPE = YES_ERROR;
				GCC_WARN_UNDECLARED_SELECTOR = YES;
				GCC_WARN_UNINITIALIZED_AUTOS = YES_AGGRESSIVE;
				GCC_WARN_UNUSED_FUNCTION = YES;
				GCC_WARN_UNUSED_VARIABLE = YES;
				IPHONEOS_DEPLOYMENT_TARGET = 12.4;
				MTL_ENABLE_DEBUG_INFO = INCLUDE_SOURCE;
				MTL_FAST_MATH = YES;
				ONLY_ACTIVE_ARCH = YES;
				SDKROOT = iphoneos;
				SWIFT_ACTIVE_COMPILATION_CONDITIONS = DEBUG;
				SWIFT_OPTIMIZATION_LEVEL = "-Onone";
			};
			name = Debug;
		};
		BC945B852307D88500809452 /* Release */ = {
			isa = XCBuildConfiguration;
			buildSettings = {
				ALWAYS_SEARCH_USER_PATHS = NO;
				CLANG_ANALYZER_NONNULL = YES;
				CLANG_ANALYZER_NUMBER_OBJECT_CONVERSION = YES_AGGRESSIVE;
				CLANG_CXX_LANGUAGE_STANDARD = "gnu++14";
				CLANG_CXX_LIBRARY = "libc++";
				CLANG_ENABLE_MODULES = YES;
				CLANG_ENABLE_OBJC_ARC = YES;
				CLANG_ENABLE_OBJC_WEAK = YES;
				CLANG_WARN_BLOCK_CAPTURE_AUTORELEASING = YES;
				CLANG_WARN_BOOL_CONVERSION = YES;
				CLANG_WARN_COMMA = YES;
				CLANG_WARN_CONSTANT_CONVERSION = YES;
				CLANG_WARN_DEPRECATED_OBJC_IMPLEMENTATIONS = YES;
				CLANG_WARN_DIRECT_OBJC_ISA_USAGE = YES_ERROR;
				CLANG_WARN_DOCUMENTATION_COMMENTS = YES;
				CLANG_WARN_EMPTY_BODY = YES;
				CLANG_WARN_ENUM_CONVERSION = YES;
				CLANG_WARN_INFINITE_RECURSION = YES;
				CLANG_WARN_INT_CONVERSION = YES;
				CLANG_WARN_NON_LITERAL_NULL_CONVERSION = YES;
				CLANG_WARN_OBJC_IMPLICIT_RETAIN_SELF = YES;
				CLANG_WARN_OBJC_LITERAL_CONVERSION = YES;
				CLANG_WARN_OBJC_ROOT_CLASS = YES_ERROR;
				CLANG_WARN_RANGE_LOOP_ANALYSIS = YES;
				CLANG_WARN_STRICT_PROTOTYPES = YES;
				CLANG_WARN_SUSPICIOUS_MOVE = YES;
				CLANG_WARN_UNGUARDED_AVAILABILITY = YES_AGGRESSIVE;
				CLANG_WARN_UNREACHABLE_CODE = YES;
				CLANG_WARN__DUPLICATE_METHOD_MATCH = YES;
				CODE_SIGN_IDENTITY = "iPhone Developer";
				COPY_PHASE_STRIP = NO;
				DEBUG_INFORMATION_FORMAT = "dwarf-with-dsym";
				DEFINES_MODULE = YES;
				ENABLE_NS_ASSERTIONS = NO;
				ENABLE_STRICT_OBJC_MSGSEND = YES;
				GCC_C_LANGUAGE_STANDARD = gnu11;
				GCC_NO_COMMON_BLOCKS = YES;
				GCC_WARN_64_TO_32_BIT_CONVERSION = YES;
				GCC_WARN_ABOUT_RETURN_TYPE = YES_ERROR;
				GCC_WARN_UNDECLARED_SELECTOR = YES;
				GCC_WARN_UNINITIALIZED_AUTOS = YES_AGGRESSIVE;
				GCC_WARN_UNUSED_FUNCTION = YES;
				GCC_WARN_UNUSED_VARIABLE = YES;
				IPHONEOS_DEPLOYMENT_TARGET = 12.4;
				MTL_ENABLE_DEBUG_INFO = NO;
				MTL_FAST_MATH = YES;
				SDKROOT = iphoneos;
				SWIFT_COMPILATION_MODE = wholemodule;
				SWIFT_OPTIMIZATION_LEVEL = "-O";
				VALIDATE_PRODUCT = YES;
			};
			name = Release;
		};
		BC945B872307D88500809452 /* Debug */ = {
			isa = XCBuildConfiguration;
			baseConfigurationReference = FFF087A3108CF65D3297616F /* Pods-RubiApp.debug.xcconfig */;
			buildSettings = {
				ASSETCATALOG_COMPILER_APPICON_NAME = AppIcon;
				CODE_SIGN_STYLE = Automatic;
				DEVELOPMENT_TEAM = XNNJ64W9XB;
				INFOPLIST_FILE = RubiApp/Info.plist;
				IPHONEOS_DEPLOYMENT_TARGET = 12.3;
				LD_RUNPATH_SEARCH_PATHS = (
					"$(inherited)",
					"@executable_path/Frameworks",
				);
				PRODUCT_BUNDLE_IDENTIFIER = com.shuntanakajima.RubiApp;
				PRODUCT_NAME = "$(TARGET_NAME)";
				SWIFT_VERSION = 5.0;
				TARGETED_DEVICE_FAMILY = "1,2";
			};
			name = Debug;
		};
		BC945B882307D88500809452 /* Release */ = {
			isa = XCBuildConfiguration;
			baseConfigurationReference = C7AF2447810D9B21B8F8FCF0 /* Pods-RubiApp.release.xcconfig */;
			buildSettings = {
				ASSETCATALOG_COMPILER_APPICON_NAME = AppIcon;
				CODE_SIGN_STYLE = Automatic;
				DEVELOPMENT_TEAM = XNNJ64W9XB;
				INFOPLIST_FILE = RubiApp/Info.plist;
				IPHONEOS_DEPLOYMENT_TARGET = 12.3;
				LD_RUNPATH_SEARCH_PATHS = (
					"$(inherited)",
					"@executable_path/Frameworks",
				);
				PRODUCT_BUNDLE_IDENTIFIER = com.shuntanakajima.RubiApp;
				PRODUCT_NAME = "$(TARGET_NAME)";
				SWIFT_VERSION = 5.0;
				TARGETED_DEVICE_FAMILY = "1,2";
			};
			name = Release;
		};
		BC95CDB1230800F100550A9E /* Debug */ = {
			isa = XCBuildConfiguration;
			baseConfigurationReference = 298AB9BA18A1FF4712EF529D /* Pods-RubiAppTests.debug.xcconfig */;
			buildSettings = {
				BUNDLE_LOADER = "$(TEST_HOST)";
				CODE_SIGN_STYLE = Automatic;
				DEVELOPMENT_TEAM = XNNJ64W9XB;
				INFOPLIST_FILE = RubiAppTests/Info.plist;
				LD_RUNPATH_SEARCH_PATHS = (
					"$(inherited)",
					"@executable_path/Frameworks",
					"@loader_path/Frameworks",
				);
				PRODUCT_BUNDLE_IDENTIFIER = com.shuntanakajima.RubiAppTests;
				PRODUCT_NAME = "$(TARGET_NAME)";
				SWIFT_VERSION = 5.0;
				TARGETED_DEVICE_FAMILY = "1,2";
				TEST_HOST = "$(BUILT_PRODUCTS_DIR)/RubiApp.app/RubiApp";
			};
			name = Debug;
		};
		BC95CDB2230800F100550A9E /* Release */ = {
			isa = XCBuildConfiguration;
			baseConfigurationReference = 533FC52C3999107541A911C4 /* Pods-RubiAppTests.release.xcconfig */;
			buildSettings = {
				BUNDLE_LOADER = "$(TEST_HOST)";
				CODE_SIGN_STYLE = Automatic;
				DEVELOPMENT_TEAM = XNNJ64W9XB;
				INFOPLIST_FILE = RubiAppTests/Info.plist;
				LD_RUNPATH_SEARCH_PATHS = (
					"$(inherited)",
					"@executable_path/Frameworks",
					"@loader_path/Frameworks",
				);
				PRODUCT_BUNDLE_IDENTIFIER = com.shuntanakajima.RubiAppTests;
				PRODUCT_NAME = "$(TARGET_NAME)";
				SWIFT_VERSION = 5.0;
				TARGETED_DEVICE_FAMILY = "1,2";
				TEST_HOST = "$(BUILT_PRODUCTS_DIR)/RubiApp.app/RubiApp";
			};
			name = Release;
		};
/* End XCBuildConfiguration section */

/* Begin XCConfigurationList section */
		BC945B6F2307D88400809452 /* Build configuration list for PBXProject "RubiApp" */ = {
			isa = XCConfigurationList;
			buildConfigurations = (
				BC945B842307D88500809452 /* Debug */,
				BC945B852307D88500809452 /* Release */,
			);
			defaultConfigurationIsVisible = 0;
			defaultConfigurationName = Release;
		};
		BC945B862307D88500809452 /* Build configuration list for PBXNativeTarget "RubiApp" */ = {
			isa = XCConfigurationList;
			buildConfigurations = (
				BC945B872307D88500809452 /* Debug */,
				BC945B882307D88500809452 /* Release */,
			);
			defaultConfigurationIsVisible = 0;
			defaultConfigurationName = Release;
		};
		BC95CDB3230800F100550A9E /* Build configuration list for PBXNativeTarget "RubiAppTests" */ = {
			isa = XCConfigurationList;
			buildConfigurations = (
				BC95CDB1230800F100550A9E /* Debug */,
				BC95CDB2230800F100550A9E /* Release */,
			);
			defaultConfigurationIsVisible = 0;
			defaultConfigurationName = Release;
		};
/* End XCConfigurationList section */
	};
	rootObject = BC945B6C2307D88400809452 /* Project object */;
}
